
Microsoft Visual Studio Solution File, Format Version 12.00
# Visual Studio Version 16
VisualStudioVersion = 16.0.31005.135
MinimumVisualStudioVersion = 10.0.40219.1
Project("{FAE04EC0-301F-11D3-BF4B-00C04F79EFBC}") = "NET_API_SQL_Proveedores", "NET_API_SQL_Proveedores.csproj", "{9475017B-CA8B-43EC-A43B-1E7F45C0DAB2}"
EndProject
Global
	GlobalSection(SolutionConfigurationPlatforms) = preSolution
		Debug|Any CPU = Debug|Any CPU
		Release|Any CPU = Release|Any CPU
	EndGlobalSection
	GlobalSection(ProjectConfigurationPlatforms) = postSolution
		{9475017B-CA8B-43EC-A43B-1E7F45C0DAB2}.Debug|Any CPU.ActiveCfg = Debug|Any CPU
		{9475017B-CA8B-43EC-A43B-1E7F45C0DAB2}.Debug|Any CPU.Build.0 = Debug|Any CPU
		{9475017B-CA8B-43EC-A43B-1E7F45C0DAB2}.Release|Any CPU.ActiveCfg = Release|Any CPU
		{9475017B-CA8B-43EC-A43B-1E7F45C0DAB2}.Release|Any CPU.Build.0 = Release|Any CPU
	EndGlobalSection
	GlobalSection(SolutionProperties) = preSolution
		HideSolutionNode = FALSE
	EndGlobalSection
	GlobalSection(ExtensibilityGlobals) = postSolution
		SolutionGuid = {43FCE4D0-458F-4DE1-8D46-C27675B32D21}
	EndGlobalSection
EndGlobal
